
Microsoft Visual Studio Solution File, Format Version 12.00
# Visual Studio Version 18
VisualStudioVersion = 18.6.11819.183 stable
MinimumVisualStudioVersion = 10.0.40219.1
Project("{FAE04EC0-301F-11D3-BF4B-00C04F79EFBC}") = "languagetutor", "languagetutor.csproj", "{410BEECD-7012-22FF-4E28-A0F71194C748}"
EndProject
Global
	GlobalSection(SolutionConfigurationPlatforms) = preSolution
		Debug|Any CPU = Debug|Any CPU
		Release|Any CPU = Release|Any CPU
	EndGlobalSection
	GlobalSection(ProjectConfigurationPlatforms) = postSolution
		{410BEECD-7012-22FF-4E28-A0F71194C748}.Debug|Any CPU.ActiveCfg = Debug|Any CPU
		{410BEECD-7012-22FF-4E28-A0F71194C748}.Debug|Any CPU.Build.0 = Debug|Any CPU
		{410BEECD-7012-22FF-4E28-A0F71194C748}.Release|Any CPU.ActiveCfg = Release|Any CPU
		{410BEECD-7012-22FF-4E28-A0F71194C748}.Release|Any CPU.Build.0 = Release|Any CPU
	EndGlobalSection
	GlobalSection(SolutionProperties) = preSolution
		HideSolutionNode = FALSE
	EndGlobalSection
	GlobalSection(ExtensibilityGlobals) = postSolution
		SolutionGuid = {CC7F943B-E869-4644-B73C-1304BC064971}
	EndGlobalSection
EndGlobal
